
Microsoft Visual Studio Solution File, Format Version 12.00
# Visual Studio Version 16
VisualStudioVersion = 16.0.31410.357
MinimumVisualStudioVersion = 10.0.40219.1
Project("{FAE04EC0-301F-11D3-BF4B-00C04F79EFBC}") = "thweblab23", "thweblab23\thweblab23.csproj", "{3F7DA015-31E2-43B0-8D87-B56096AA01A3}"
EndProject
Global
	GlobalSection(SolutionConfigurationPlatforms) = preSolution
		Debug|Any CPU = Debug|Any CPU
		Release|Any CPU = Release|Any CPU
	EndGlobalSection
	GlobalSection(ProjectConfigurationPlatforms) = postSolution
		{3F7DA015-31E2-43B0-8D87-B56096AA01A3}.Debug|Any CPU.ActiveCfg = Debug|Any CPU
		{3F7DA015-31E2-43B0-8D87-B56096AA01A3}.Debug|Any CPU.Build.0 = Debug|Any CPU
		{3F7DA015-31E2-43B0-8D87-B56096AA01A3}.Release|Any CPU.ActiveCfg = Release|Any CPU
		{3F7DA015-31E2-43B0-8D87-B56096AA01A3}.Release|Any CPU.Build.0 = Release|Any CPU
	EndGlobalSection
	GlobalSection(SolutionProperties) = preSolution
		HideSolutionNode = FALSE
	EndGlobalSection
	GlobalSection(ExtensibilityGlobals) = postSolution
		SolutionGuid = {88D16AF6-45DE-4AE6-ABA4-1B47A76EA4EE}
	EndGlobalSection
EndGlobal
